Microsoft Visual Studio Solution File, Format Version 12.00
# Visual Studio 15
VisualStudioVersion = 15.0.26730.3
MinimumVisualStudioVersion = 10.0.40219.1
Project("{FAE04EC0-301F-11D3-BF4B-00C04F79EFBC}") = "MatchedBetMate.iOS", "MatchedBetMate.iOS\MatchedBetMate.iOS.csproj", "{EF368DBC-D6BB-4F59-8C24-785BE52D022B}"
EndProject
Project("{FAE04EC0-301F-11D3-BF4B-00C04F79EFBC}") = "MatchedBetMate.WebApi", "MatchedBetMate.WebApi\MatchedBetMate.WebApi.csproj", "{5F3EE740-BDA5-41EE-AC18-3EDA65A346DD}"
EndProject
Project("{2150E333-8FDC-42A3-9474-1A3956D46DE8}") = "iOS", "iOS", "{0234EECD-705D-4B43-A74E-6C1A5DC4C0EE}"
EndProject
Project("{2150E333-8FDC-42A3-9474-1A3956D46DE8}") = "Shared", "Shared", "{0355C0E2-B934-4540-BBCD-89D402C990E3}"
EndProject
Project("{2150E333-8FDC-42A3-9474-1A3956D46DE8}") = "WebApi", "WebApi", "{FBC4DC22-5E49-4B8D-BDA3-4CAFCBA7D5DF}"
EndProject
Project("{FAE04EC0-301F-11D3-BF4B-00C04F79EFBC}") = "MatchedBetMate.DTO", "MatchedBetMate.DTO\MatchedBetMate.DTO.csproj", "{48339BB4-E913-47D8-B350-CC906E635C96}"
EndProject
Project("{FAE04EC0-301F-11D3-BF4B-00C04F79EFBC}") = "MatchedBetMate.WebApi.Data", "MatchedBetMate.Web.Data\MatchedBetMate.WebApi.Data.csproj", "{4B927DFF-BA08-4EBF-93F9-6BAB59101975}"
EndProject
Project("{FAE04EC0-301F-11D3-BF4B-00C04F79EFBC}") = "MatchedBetMate.WebApi.Business", "MatchedBetMate.Web.Business\MatchedBetMate.WebApi.Business.csproj", "{CB2774D3-D582-46FE-A2F0-AE4335B4BEC1}"
EndProject
Project("{FAE04EC0-301F-11D3-BF4B-00C04F79EFBC}") = "MatchedBetMate.iOS.Business", "MatchedBetMate.iOS.Business\MatchedBetMate.iOS.Business.csproj", "{B035EADC-D118-449E-8B19-741141CEB748}"
EndProject
Project("{FAE04EC0-301F-11D3-BF4B-00C04F79EFBC}") = "MatchedBetMate.iOS.Model", "MatchedBetMate.iOS.Model\MatchedBetMate.iOS.Model.csproj", "{1C31EB9C-B138-4552-AB4D-7CC3D454D333}"
EndProject
Global
	GlobalSection(SolutionConfigurationPlatforms) = preSolution
		Debug|Any CPU = Debug|Any CPU
		Debug|iPhone = Debug|iPhone
		Debug|iPhoneSimulator = Debug|iPhoneSimulator
		Release|Any CPU = Release|Any CPU
		Release|iPhone = Release|iPhone
		Release|iPhoneSimulator = Release|iPhoneSimulator
	EndGlobalSection
	GlobalSection(ProjectConfigurationPlatforms) = postSolution
		{EF368DBC-D6BB-4F59-8C24-785BE52D022B}.Debug|Any CPU.ActiveCfg = Debug|iPhoneSimulator
		{EF368DBC-D6BB-4F59-8C24-785BE52D022B}.Debug|iPhone.ActiveCfg = Debug|iPhone
		{EF368DBC-D6BB-4F59-8C24-785BE52D022B}.Debug|iPhone.Build.0 = Debug|iPhone
		{EF368DBC-D6BB-4F59-8C24-785BE52D022B}.Debug|iPhoneSimulator.ActiveCfg = Debug|iPhoneSimulator
		{EF368DBC-D6BB-4F59-8C24-785BE52D022B}.Debug|iPhoneSimulator.Build.0 = Debug|iPhoneSimulator
		{EF368DBC-D6BB-4F59-8C24-785BE52D022B}.Release|Any CPU.ActiveCfg = Release|iPhoneSimulator
		{EF368DBC-D6BB-4F59-8C24-785BE52D022B}.Release|iPhone.ActiveCfg = Release|iPhone
		{EF368DBC-D6BB-4F59-8C24-785BE52D022B}.Release|iPhone.Build.0 = Release|iPhone
		{EF368DBC-D6BB-4F59-8C24-785BE52D022B}.Release|iPhoneSimulator.ActiveCfg = Release|iPhoneSimulator
		{EF368DBC-D6BB-4F59-8C24-785BE52D022B}.Release|iPhoneSimulator.Build.0 = Release|iPhoneSimulator
		{EF368DBC-D6BB-4F59-8C24-785BE52D022B}.Debug|Any CPU.Build.0 = Debug|iPhoneSimulator
		{5F3EE740-BDA5-41EE-AC18-3EDA65A346DD}.Debug|Any CPU.ActiveCfg = Debug|Any CPU
		{5F3EE740-BDA5-41EE-AC18-3EDA65A346DD}.Debug|Any CPU.Build.0 = Debug|Any CPU
		{5F3EE740-BDA5-41EE-AC18-3EDA65A346DD}.Debug|iPhone.ActiveCfg = Debug|Any CPU
		{5F3EE740-BDA5-41EE-AC18-3EDA65A346DD}.Debug|iPhone.Build.0 = Debug|Any CPU
		{5F3EE740-BDA5-41EE-AC18-3EDA65A346DD}.Debug|iPhoneSimulator.ActiveCfg = Debug|Any CPU
		{5F3EE740-BDA5-41EE-AC18-3EDA65A346DD}.Debug|iPhoneSimulator.Build.0 = Debug|Any CPU
		{5F3EE740-BDA5-41EE-AC18-3EDA65A346DD}.Release|Any CPU.ActiveCfg = Release|Any CPU
		{5F3EE740-BDA5-41EE-AC18-3EDA65A346DD}.Release|Any CPU.Build.0 = Release|Any CPU
		{5F3EE740-BDA5-41EE-AC18-3EDA65A346DD}.Release|iPhone.ActiveCfg = Release|Any CPU
		{5F3EE740-BDA5-41EE-AC18-3EDA65A346DD}.Release|iPhone.Build.0 = Release|Any CPU
		{5F3EE740-BDA5-41EE-AC18-3EDA65A346DD}.Release|iPhoneSimulator.ActiveCfg = Release|Any CPU
		{5F3EE740-BDA5-41EE-AC18-3EDA65A346DD}.Release|iPhoneSimulator.Build.0 = Release|Any CPU
		{48339BB4-E913-47D8-B350-CC906E635C96}.Debug|Any CPU.ActiveCfg = Debug|Any CPU
		{48339BB4-E913-47D8-B350-CC906E635C96}.Debug|Any CPU.Build.0 = Debug|Any CPU
		{48339BB4-E913-47D8-B350-CC906E635C96}.Debug|iPhone.ActiveCfg = Debug|Any CPU
		{48339BB4-E913-47D8-B350-CC906E635C96}.Debug|iPhone.Build.0 = Debug|Any CPU
		{48339BB4-E913-47D8-B350-CC906E635C96}.Debug|iPhoneSimulator.ActiveCfg = Debug|Any CPU
		{48339BB4-E913-47D8-B350-CC906E635C96}.Debug|iPhoneSimulator.Build.0 = Debug|Any CPU
		{48339BB4-E913-47D8-B350-CC906E635C96}.Release|Any CPU.ActiveCfg = Release|Any CPU
		{48339BB4-E913-47D8-B350-CC906E635C96}.Release|Any CPU.Build.0 = Release|Any CPU
		{48339BB4-E913-47D8-B350-CC906E635C96}.Release|iPhone.ActiveCfg = Release|Any CPU
		{48339BB4-E913-47D8-B350-CC906E635C96}.Release|iPhone.Build.0 = Release|Any CPU
		{48339BB4-E913-47D8-B350-CC906E635C96}.Release|iPhoneSimulator.ActiveCfg = Release|Any CPU
		{48339BB4-E913-47D8-B350-CC906E635C96}.Release|iPhoneSimulator.Build.0 = Release|Any CPU
		{4B927DFF-BA08-4EBF-93F9-6BAB59101975}.Debug|Any CPU.ActiveCfg = Debug|Any CPU
		{4B927DFF-BA08-4EBF-93F9-6BAB59101975}.Debug|Any CPU.Build.0 = Debug|Any CPU
		{4B927DFF-BA08-4EBF-93F9-6BAB59101975}.Debug|iPhone.ActiveCfg = Debug|Any CPU
		{4B927DFF-BA08-4EBF-93F9-6BAB59101975}.Debug|iPhone.Build.0 = Debug|Any CPU
		{4B927DFF-BA08-4EBF-93F9-6BAB59101975}.Debug|iPhoneSimulator.ActiveCfg = Debug|Any CPU
		{4B927DFF-BA08-4EBF-93F9-6BAB59101975}.Debug|iPhoneSimulator.Build.0 = Debug|Any CPU
		{4B927DFF-BA08-4EBF-93F9-6BAB59101975}.Release|Any CPU.ActiveCfg = Release|Any CPU
		{4B927DFF-BA08-4EBF-93F9-6BAB59101975}.Release|Any CPU.Build.0 = Release|Any CPU
		{4B927DFF-BA08-4EBF-93F9-6BAB59101975}.Release|iPhone.ActiveCfg = Release|Any CPU
		{4B927DFF-BA08-4EBF-93F9-6BAB59101975}.Release|iPhone.Build.0 = Release|Any CPU
		{4B927DFF-BA08-4EBF-93F9-6BAB59101975}.Release|iPhoneSimulator.ActiveCfg = Release|Any CPU
		{4B927DFF-BA08-4EBF-93F9-6BAB59101975}.Release|iPhoneSimulator.Build.0 = Release|Any CPU
		{CB2774D3-D582-46FE-A2F0-AE4335B4BEC1}.Debug|Any CPU.ActiveCfg = Debug|Any CPU
		{CB2774D3-D582-46FE-A2F0-AE4335B4BEC1}.Debug|Any CPU.Build.0 = Debug|Any CPU
		{CB2774D3-D582-46FE-A2F0-AE4335B4BEC1}.Debug|iPhone.ActiveCfg = Debug|Any CPU
		{CB2774D3-D582-46FE-A2F0-AE4335B4BEC1}.Debug|iPhone.Build.0 = Debug|Any CPU
		{CB2774D3-D582-46FE-A2F0-AE4335B4BEC1}.Debug|iPhoneSimulator.ActiveCfg = Debug|Any CPU
		{CB2774D3-D582-46FE-A2F0-AE4335B4BEC1}.Debug|iPhoneSimulator.Build.0 = Debug|Any CPU
		{CB2774D3-D582-46FE-A2F0-AE4335B4BEC1}.Release|Any CPU.ActiveCfg = Release|Any CPU
		{CB2774D3-D582-46FE-A2F0-AE4335B4BEC1}.Release|Any CPU.Build.0 = Release|Any CPU
		{CB2774D3-D582-46FE-A2F0-AE4335B4BEC1}.Release|iPhone.ActiveCfg = Release|Any CPU
		{CB2774D3-D582-46FE-A2F0-AE4335B4BEC1}.Release|iPhone.Build.0 = Release|Any CPU
		{CB2774D3-D582-46FE-A2F0-AE4335B4BEC1}.Release|iPhoneSimulator.ActiveCfg = Release|Any CPU
		{CB2774D3-D582-46FE-A2F0-AE4335B4BEC1}.Release|iPhoneSimulator.Build.0 = Release|Any CPU
		{B035EADC-D118-449E-8B19-741141CEB748}.Debug|Any CPU.ActiveCfg = Debug|Any CPU
		{B035EADC-D118-449E-8B19-741141CEB748}.Debug|Any CPU.Build.0 = Debug|Any CPU
		{B035EADC-D118-449E-8B19-741141CEB748}.Debug|iPhone.ActiveCfg = Debug|Any CPU
		{B035EADC-D118-449E-8B19-741141CEB748}.Debug|iPhone.Build.0 = Debug|Any CPU
		{B035EADC-D118-449E-8B19-741141CEB748}.Debug|iPhoneSimulator.ActiveCfg = Debug|Any CPU
		{B035EADC-D118-449E-8B19-741141CEB748}.Debug|iPhoneSimulator.Build.0 = Debug|Any CPU
		{B035EADC-D118-449E-8B19-741141CEB748}.Release|Any CPU.ActiveCfg = Release|Any CPU
		{B035EADC-D118-449E-8B19-741141CEB748}.Release|Any CPU.Build.0 = Release|Any CPU
		{B035EADC-D118-449E-8B19-741141CEB748}.Release|iPhone.ActiveCfg = Release|Any CPU
		{B035EADC-D118-449E-8B19-741141CEB748}.Release|iPhone.Build.0 = Release|Any CPU
		{B035EADC-D118-449E-8B19-741141CEB748}.Release|iPhoneSimulator.ActiveCfg = Release|Any CPU
		{B035EADC-D118-449E-8B19-741141CEB748}.Release|iPhoneSimulator.Build.0 = Release|Any CPU
		{1C31EB9C-B138-4552-AB4D-7CC3D454D333}.Debug|Any CPU.ActiveCfg = Debug|Any CPU
		{1C31EB9C-B138-4552-AB4D-7CC3D454D333}.Debug|Any CPU.Build.0 = Debug|Any CPU
		{1C31EB9C-B138-4552-AB4D-7CC3D454D333}.Debug|iPhone.ActiveCfg = Debug|Any CPU
		{1C31EB9C-B138-4552-AB4D-7CC3D454D333}.Debug|iPhone.Build.0 = Debug|Any CPU
		{1C31EB9C-B138-4552-AB4D-7CC3D454D333}.Debug|iPhoneSimulator.ActiveCfg = Debug|Any CPU
		{1C31EB9C-B138-4552-AB4D-7CC3D454D333}.Debug|iPhoneSimulator.Build.0 = Debug|Any CPU
		{1C31EB9C-B138-4552-AB4D-7CC3D454D333}.Release|Any CPU.ActiveCfg = Release|Any CPU
		{1C31EB9C-B138-4552-AB4D-7CC3D454D333}.Release|Any CPU.Build.0 = Release|Any CPU
		{1C31EB9C-B138-4552-AB4D-7CC3D454D333}.Release|iPhone.ActiveCfg = Release|Any CPU
		{1C31EB9C-B138-4552-AB4D-7CC3D454D333}.Release|iPhone.Build.0 = Release|Any CPU
		{1C31EB9C-B138-4552-AB4D-7CC3D454D333}.Release|iPhoneSimulator.ActiveCfg = Release|Any CPU
		{1C31EB9C-B138-4552-AB4D-7CC3D454D333}.Release|iPhoneSimulator.Build.0 = Release|Any CPU
	EndGlobalSection
	GlobalSection(SolutionProperties) = preSolution
		HideSolutionNode = FALSE
	EndGlobalSection
	GlobalSection(NestedProjects) = preSolution
		{EF368DBC-D6BB-4F59-8C24-785BE52D022B} = {0234EECD-705D-4B43-A74E-6C1A5DC4C0EE}
		{5F3EE740-BDA5-41EE-AC18-3EDA65A346DD} = {FBC4DC22-5E49-4B8D-BDA3-4CAFCBA7D5DF}
		{48339BB4-E913-47D8-B350-CC906E635C96} = {0355C0E2-B934-4540-BBCD-89D402C990E3}
		{4B927DFF-BA08-4EBF-93F9-6BAB59101975} = {FBC4DC22-5E49-4B8D-BDA3-4CAFCBA7D5DF}
		{CB2774D3-D582-46FE-A2F0-AE4335B4BEC1} = {FBC4DC22-5E49-4B8D-BDA3-4CAFCBA7D5DF}
		{B035EADC-D118-449E-8B19-741141CEB748} = {0234EECD-705D-4B43-A74E-6C1A5DC4C0EE}
		{1C31EB9C-B138-4552-AB4D-7CC3D454D333} = {0234EECD-705D-4B43-A74E-6C1A5DC4C0EE}
	EndGlobalSection
	GlobalSection(ExtensibilityGlobals) = postSolution
		SolutionGuid = {AF0A0023-9F43-4954-8456-AAEB651A5A88}
	EndGlobalSection
EndGlobal
